PODS:
  - PGDatePicker (1.5.0):
    - PGPickerView
  - PGPickerView (1.2.0)

DEPENDENCIES:
  - PGDatePicker (>= 1.4.5)

SPEC CHECKSUMS:
  PGDatePicker: b69cb3ad6b92a0ab543dc727deae45f45a625541
  PGPickerView: f8941fa9b7a2435777a21a12e950b4aae151cfe8

PODFILE CHECKSUM: 80e1249d8c2ab6ad770921fb0b79ec3ac01f27a6

COCOAPODS: 1.2.1
