PODS:
  - PGDatePicker (2.6.7):
    - PGPickerView
  - PGPickerView (1.3.7)

DEPENDENCIES:
  - PGDatePicker

SPEC REPOS:
  https://github.com/cocoapods/specs.git:
    - PGDatePicker
    - PGPickerView

SPEC CHECKSUMS:
  PGDatePicker: 2800906f7e3b66bb324aeb2a754065c563651e22
  PGPickerView: ae0961fcdfab1007c58b371a4e4f5e608b6fd5da

PODFILE CHECKSUM: f8c6d355d123cee6e595015c9e7d0e2770fcf067

COCOAPODS: 1.5.3
