PODS:
  - PGDatePicker (1.4.0):
    - PGDatePicker/PGPickerView (= 1.4.0)
  - PGDatePicker/PGPickerView (1.4.0)

DEPENDENCIES:
  - PGDatePicker (>= 1.4.0)

SPEC CHECKSUMS:
  PGDatePicker: 91bad8d0433b2dc73d5d24924dd2b98ce5f6b8be

PODFILE CHECKSUM: a86136f97b8f5a87ce65aa23289871b788cb1186

COCOAPODS: 1.2.1
